<?xml version="1.0" encoding="utf-8"?>
<Project ToolsVersion="4.0" xmlns="http://schemas.microsoft.com/developer/msbuild/2003">
  <ItemGroup>
    <Filter Include="Core">
      <UniqueIdentifier>{fdf9338b-2792-4bcb-8e4c-56dcb715f979}</UniqueIdentifier>
    </Filter>
    <Filter Include="ImGui">
      <UniqueIdentifier>{bcc498ec-d5fd-4ac9-bdb0-55772c2dc136}</UniqueIdentifier>
    </Filter>
    <Filter Include="Engine">
      <UniqueIdentifier>{ed2a085a-5a80-4dc1-8091-4a42deaf40a0}</UniqueIdentifier>
    </Filter>
    <Filter Include="Math">
      <UniqueIdentifier>{4e749739-91c0-4f22-9da9-68b156dfbdf4}</UniqueIdentifier>
    </Filter>
    <Filter Include="Engine\Shader">
      <UniqueIdentifier>{63394624-05cf-48c3-97de-2a18a2f596c5}</UniqueIdentifier>
    </Filter>
    <Filter Include="Game">
      <UniqueIdentifier>{12b3aca5-bb79-4725-8cf9-9d1907e1086d}</UniqueIdentifier>
    </Filter>
  </ItemGroup>
  <ItemGroup>
    <ClInclude Include="Core\Graphics.h">
      <Filter>Core</Filter>
    </ClInclude>
    <ClInclude Include="Core\DescriptorHeap.h">
      <Filter>Core</Filter>
    </ClInclude>
    <ClInclude Include="Core\Utility.h">
      <Filter>Core</Filter>
    </ClInclude>
    <ClInclude Include="Core\Window.h">
      <Filter>Core</Filter>
    </ClInclude>
    <ClInclude Include="Core\GPUResource.h">
      <Filter>Core</Filter>
    </ClInclude>
    <ClInclude Include="Core\CommandQueue.h">
      <Filter>Core</Filter>
    </ClInclude>
    <ClInclude Include="Core\CommandList.h">
      <Filter>Core</Filter>
    </ClInclude>
    <ClInclude Include="Core\RootSignature.h">
      <Filter>Core</Filter>
    </ClInclude>
    <ClInclude Include="Core\PipelineState.h">
      <Filter>Core</Filter>
    </ClInclude>
    <ClInclude Include="Core\DescriptorHandle.h">
      <Filter>Core</Filter>
    </ClInclude>
    <ClInclude Include="Externals\imgui\imconfig.h">
      <Filter>ImGui</Filter>
    </ClInclude>
    <ClInclude Include="Externals\imgui\imgui.h">
      <Filter>ImGui</Filter>
    </ClInclude>
    <ClInclude Include="Externals\imgui\imgui_impl_dx12.h">
      <Filter>ImGui</Filter>
    </ClInclude>
    <ClInclude Include="Externals\imgui\imgui_impl_win32.h">
      <Filter>ImGui</Filter>
    </ClInclude>
    <ClInclude Include="Externals\imgui\imgui_internal.h">
      <Filter>ImGui</Filter>
    </ClInclude>
    <ClInclude Include="Externals\imgui\imstb_rectpack.h">
      <Filter>ImGui</Filter>
    </ClInclude>
    <ClInclude Include="Externals\imgui\imstb_textedit.h">
      <Filter>ImGui</Filter>
    </ClInclude>
    <ClInclude Include="Externals\imgui\imstb_truetype.h">
      <Filter>ImGui</Filter>
    </ClInclude>
    <ClInclude Include="Core\ImGuiManager.h">
      <Filter>Core</Filter>
    </ClInclude>
    <ClInclude Include="Core\ShaderCompiler.h">
      <Filter>Core</Filter>
    </ClInclude>
    <ClInclude Include="Core\Texture.h">
      <Filter>Core</Filter>
    </ClInclude>
    <ClInclude Include="Engine\RenderManager.h">
      <Filter>Engine</Filter>
    </ClInclude>
    <ClInclude Include="Core\ShadowBuffer.h">
      <Filter>Core</Filter>
    </ClInclude>
    <ClInclude Include="Math\Camera.h">
      <Filter>Math</Filter>
    </ClInclude>
    <ClInclude Include="Math\MathUtils.h">
      <Filter>Math</Filter>
    </ClInclude>
    <ClInclude Include="Math\Geometry.h">
      <Filter>Math</Filter>
    </ClInclude>
    <ClInclude Include="Math\Frustum.h">
      <Filter>Math</Filter>
    </ClInclude>
    <ClInclude Include="Math\LightStructs.h">
      <Filter>Math</Filter>
    </ClInclude>
    <ClInclude Include="Core\TextureManager.h">
      <Filter>Core</Filter>
    </ClInclude>
    <ClInclude Include="Engine\Model.h">
      <Filter>Engine</Filter>
    </ClInclude>
    <ClInclude Include="Engine\Material.h">
      <Filter>Engine</Filter>
    </ClInclude>
    <ClInclude Include="GameScene.h">
      <Filter>Game</Filter>
    </ClInclude>
  </ItemGroup>
  <ItemGroup>
    <ClCompile Include="main.cpp" />
    <ClCompile Include="Core\Graphics.cpp">
      <Filter>Core</Filter>
    </ClCompile>
    <ClCompile Include="Core\Utility.cpp">
      <Filter>Core</Filter>
    </ClCompile>
    <ClCompile Include="Core\DescriptorHeap.cpp">
      <Filter>Core</Filter>
    </ClCompile>
    <ClCompile Include="Core\GPUResource.cpp">
      <Filter>Core</Filter>
    </ClCompile>
    <ClCompile Include="Core\CommandQueue.cpp">
      <Filter>Core</Filter>
    </ClCompile>
    <ClCompile Include="Core\CommandList.cpp">
      <Filter>Core</Filter>
    </ClCompile>
    <ClCompile Include="Core\Window.cpp">
      <Filter>Core</Filter>
    </ClCompile>
    <ClCompile Include="Externals\imgui\imgui.cpp">
      <Filter>ImGui</Filter>
    </ClCompile>
    <ClCompile Include="Externals\imgui\imgui_demo.cpp">
      <Filter>ImGui</Filter>
    </ClCompile>
    <ClCompile Include="Externals\imgui\imgui_draw.cpp">
      <Filter>ImGui</Filter>
    </ClCompile>
    <ClCompile Include="Externals\imgui\imgui_impl_dx12.cpp">
      <Filter>ImGui</Filter>
    </ClCompile>
    <ClCompile Include="Externals\imgui\imgui_impl_win32.cpp">
      <Filter>ImGui</Filter>
    </ClCompile>
    <ClCompile Include="Externals\imgui\imgui_tables.cpp">
      <Filter>ImGui</Filter>
    </ClCompile>
    <ClCompile Include="Externals\imgui\imgui_widgets.cpp">
      <Filter>ImGui</Filter>
    </ClCompile>
    <ClCompile Include="Core\PipelineState.cpp">
      <Filter>Core</Filter>
    </ClCompile>
    <ClCompile Include="Core\RootSignature.cpp">
      <Filter>Core</Filter>
    </ClCompile>
    <ClCompile Include="Core\ImGuiManager.cpp">
      <Filter>Core</Filter>
    </ClCompile>
    <ClCompile Include="Core\Texture.cpp">
      <Filter>Core</Filter>
    </ClCompile>
    <ClCompile Include="Core\ShaderCompiler.cpp">
      <Filter>Core</Filter>
    </ClCompile>
    <ClCompile Include="Core\ShadowBuffer.cpp">
      <Filter>Core</Filter>
    </ClCompile>
    <ClCompile Include="Math\MathUtils.cpp">
      <Filter>Math</Filter>
    </ClCompile>
    <ClCompile Include="Math\Camera.cpp">
      <Filter>Math</Filter>
    </ClCompile>
    <ClCompile Include="Math\Geometry.cpp">
      <Filter>Math</Filter>
    </ClCompile>
    <ClCompile Include="Math\Frustum.cpp">
      <Filter>Math</Filter>
    </ClCompile>
    <ClCompile Include="Engine\RenderManager.cpp">
      <Filter>Engine</Filter>
    </ClCompile>
    <ClCompile Include="Engine\Material.cpp">
      <Filter>Engine</Filter>
    </ClCompile>
    <ClCompile Include="Core\TextureManager.cpp">
      <Filter>Core</Filter>
    </ClCompile>
    <ClCompile Include="Engine\Model.cpp">
      <Filter>Engine</Filter>
    </ClCompile>
    <ClCompile Include="GameScene.cpp">
      <Filter>Game</Filter>
    </ClCompile>
  </ItemGroup>
  <ItemGroup>
    <Text Include="Externals\imgui\LICENSE.txt">
      <Filter>ImGui</Filter>
    </Text>
  </ItemGroup>
  <ItemGroup>
    <None Include="Engine\Shader\ShadowVS.hlsl">
      <Filter>Engine\Shader</Filter>
    </None>
    <None Include="Engine\Shader\ShadowGS.hlsl">
      <Filter>Engine\Shader</Filter>
    </None>
    <None Include="Engine\Shader\Common.hlsli">
      <Filter>Engine\Shader</Filter>
    </None>
    <None Include="Engine\Shader\DefaultVS.hlsl">
      <Filter>Engine\Shader</Filter>
    </None>
    <None Include="Engine\Shader\DefaultPS.hlsl">
      <Filter>Engine\Shader</Filter>
    </None>
    <None Include="Engine\Shader\ReceiveShadowVS.hlsl">
      <Filter>Engine\Shader</Filter>
    </None>
    <None Include="Engine\Shader\ReceiveShadowPS.hlsl">
      <Filter>Engine\Shader</Filter>
    </None>
  </ItemGroup>
</Project>