<?xml version="1.0" encoding="utf-8"?>
<Project ToolsVersion="4.0" xmlns="http://schemas.microsoft.com/developer/msbuild/2003">
  <ItemGroup>
    <Filter Include="Include">
      <UniqueIdentifier>{f75b35ed-3e5b-4fdf-8dcf-89688fa8990b}</UniqueIdentifier>
    </Filter>
    <Filter Include="Source">
      <UniqueIdentifier>{95010a9c-4be5-49f6-947c-1fac68522df7}</UniqueIdentifier>
    </Filter>
  </ItemGroup>
  <ItemGroup>
    <ClCompile Include="Source\Graphics.cpp">
      <Filter>Source</Filter>
    </ClCompile>
    <ClCompile Include="Source\CommandList.cpp">
      <Filter>Source</Filter>
    </ClCompile>
  </ItemGroup>
  <ItemGroup>
    <ClInclude Include="Include\Graphics.hpp">
      <Filter>Include</Filter>
    </ClInclude>
    <ClInclude Include="Include\CommandList.hpp">
      <Filter>Include</Filter>
    </ClInclude>
  </ItemGroup>
</Project>